
Microsoft Visual Studio Solution File, Format Version 12.00
# Visual Studio Version 17
VisualStudioVersion = 17.8.34525.116
MinimumVisualStudioVersion = 10.0.40219.1
Project("{8BC9CEB8-8B4A-11D0-8D11-00A0C91BC942}") = "palindromos", "palindromos\palindromos.vcxproj", "{474567B3-C148-4CEE-9070-A65668F88A86}"
EndProject
Global
	GlobalSection(SolutionConfigurationPlatforms) = preSolution
		Debug|x64 = Debug|x64
		Debug|x86 = Debug|x86
		Release|x64 = Release|x64
		Release|x86 = Release|x86
	EndGlobalSection
	GlobalSection(ProjectConfigurationPlatforms) = postSolution
		{474567B3-C148-4CEE-9070-A65668F88A86}.Debug|x64.ActiveCfg = Debug|x64
		{474567B3-C148-4CEE-9070-A65668F88A86}.Debug|x64.Build.0 = Debug|x64
		{474567B3-C148-4CEE-9070-A65668F88A86}.Debug|x86.ActiveCfg = Debug|Win32
		{474567B3-C148-4CEE-9070-A65668F88A86}.Debug|x86.Build.0 = Debug|Win32
		{474567B3-C148-4CEE-9070-A65668F88A86}.Release|x64.ActiveCfg = Release|x64
		{474567B3-C148-4CEE-9070-A65668F88A86}.Release|x64.Build.0 = Release|x64
		{474567B3-C148-4CEE-9070-A65668F88A86}.Release|x86.ActiveCfg = Release|Win32
		{474567B3-C148-4CEE-9070-A65668F88A86}.Release|x86.Build.0 = Release|Win32
	EndGlobalSection
	GlobalSection(SolutionProperties) = preSolution
		HideSolutionNode = FALSE
	EndGlobalSection
	GlobalSection(ExtensibilityGlobals) = postSolution
		SolutionGuid = {D56BFEF4-5DC2-48A1-849B-9C257F533610}
	EndGlobalSection
EndGlobal
